<?xml version="1.0" encoding="utf-8"?>
<Project ToolsVersion="4.0" xmlns="http://schemas.microsoft.com/developer/msbuild/2003">
  <ItemGroup>
    <Filter Include="Resource Files">
      <UniqueIdentifier>{67DA6AB6-F800-4c08-8B7A-83BB121AAD01}</UniqueIdentifier>
      <Extensions>rc;ico;cur;bmp;dlg;rc2;rct;bin;rgs;gif;jpg;jpeg;jpe;resx;tiff;tif;png;wav;mfcribbon-ms</Extensions>
    </Filter>
    <Filter Include="Source">
      <UniqueIdentifier>{e9b35129-d8b7-4e64-aafb-b9d8f90c1eb6}</UniqueIdentifier>
    </Filter>
  </ItemGroup>
  <ItemGroup>
    <ClCompile Include="Source\main.cpp">
      <Filter>Source</Filter>
    </ClCompile>
    <ClCompile Include="Source\Animation\Animation.cpp">
      <Filter>Source</Filter>
    </ClCompile>
    <ClCompile Include="Source\Animation\BoneKeySequence.cpp">
      <Filter>Source</Filter>
    </ClCompile>
    <ClCompile Include="Source\Animation\Skeleton.cpp">
      <Filter>Source</Filter>
    </ClCompile>
    <ClCompile Include="Source\Animation\AssimpToGLM.cpp">
      <Filter>Source</Filter>
    </ClCompile>
    <ClCompile Include="Source\Effects\AdditiveBlendEffect.cpp">
      <Filter>Source</Filter>
    </ClCompile>
    <ClCompile Include="Source\Lua\AABBAPI.cpp">
      <Filter>Source</Filter>
    </ClCompile>
    <ClCompile Include="Source\Plug-Ins\AffineTransformable.cpp">
      <Filter>Source</Filter>
    </ClCompile>
    <ClCompile Include="Source\Plug-Ins\Animatable.cpp">
      <Filter>Source</Filter>
    </ClCompile>
    <ClCompile Include="Source\Effects\BloomEffect.cpp">
      <Filter>Source</Filter>
    </ClCompile>
    <ClCompile Include="Source\Effects\BlurEffect.cpp">
      <Filter>Source</Filter>
    </ClCompile>
    <ClCompile Include="Source\Lua\CameraAPI.cpp">
      <Filter>Source</Filter>
    </ClCompile>
    <ClCompile Include="Source\Lua\CollisionAPI.cpp">
      <Filter>Source</Filter>
    </ClCompile>
    <ClCompile Include="Source\Effects\DepthThresholdEffect.cpp">
      <Filter>Source</Filter>
    </ClCompile>
    <ClCompile Include="Source\Effects\DirectionalLightingEffect.cpp">
      <Filter>Source</Filter>
    </ClCompile>
    <ClCompile Include="Source\Engine Components\DirectX\DXEngine.cpp">
      <Filter>Source</Filter>
    </ClCompile>
    <ClCompile Include="Source\Lua\EngineAPI.cpp">
      <Filter>Source</Filter>
    </ClCompile>
    <ClCompile Include="Source\Effects\FXAAEffect.cpp">
      <Filter>Source</Filter>
    </ClCompile>
    <ClCompile Include="Source\Framebuffer\FrameBuffer.cpp">
      <Filter>Source</Filter>
    </ClCompile>
    <ClCompile Include="Source\Framebuffer\GBuffer.cpp">
      <Filter>Source</Filter>
    </ClCompile>
    <ClCompile Include="Source\Engine Components\OpenGL\GLEngine.cpp">
      <Filter>Source</Filter>
    </ClCompile>
    <ClCompile Include="Source\Effects\GodRaysEffect.cpp">
      <Filter>Source</Filter>
    </ClCompile>
    <ClCompile Include="Source\Engine Components\OpenGL\GLInputHandler.cpp">
      <Filter>Source</Filter>
    </ClCompile>
    <ClCompile Include="Source\Terrain\ForestTerrain.cpp">
      <Filter>Source</Filter>
    </ClCompile>
    <ClCompile Include="Source\Terrain\HeightMap.cpp">
      <Filter>Source</Filter>
    </ClCompile>
    <ClCompile Include="Source\Effects\HDRSplitEffect.cpp">
      <Filter>Source</Filter>
    </ClCompile>
    <ClCompile Include="Source\Plug-Ins\IAnimatedRenderable.cpp">
      <Filter>Source</Filter>
    </ClCompile>
    <ClCompile Include="Source\Plug-Ins\IMesh.cpp">
      <Filter>Source</Filter>
    </ClCompile>
    <ClCompile Include="Source\Plug-Ins\IMeshCollection.cpp">
      <Filter>Source</Filter>
    </ClCompile>
    <ClCompile Include="Source\Lua\InputManagerAPI.cpp">
      <Filter>Source</Filter>
    </ClCompile>
    <ClCompile Include="Source\Lua\IslandCollisionAPI.cpp">
      <Filter>Source</Filter>
    </ClCompile>
    <ClCompile Include="Source\Base Classes\IRenderableObject.cpp">
      <Filter>Source</Filter>
    </ClCompile>
    <ClCompile Include="Source\Collisions\IslandCollision.cpp">
      <Filter>Source</Filter>
    </ClCompile>
    <ClCompile Include="Source\Lua\LuaContext.cpp">
      <Filter>Source</Filter>
    </ClCompile>
    <ClCompile Include="Source\Lua\LuaDisplay2DAPI.cpp">
      <Filter>Source</Filter>
    </ClCompile>
    <ClCompile Include="Source\Lua\LuaInstanceManager.cpp">
      <Filter>Source</Filter>
    </ClCompile>
    <ClCompile Include="Source\Lua\LuaManager.cpp">
      <Filter>Source</Filter>
    </ClCompile>
    <ClCompile Include="Source\Lua\LuaObjectInstanceManager.cpp">
      <Filter>Source</Filter>
    </ClCompile>
    <ClCompile Include="Source\Lua\LuaVectorUtility.cpp">
      <Filter>Source</Filter>
    </ClCompile>
    <ClCompile Include="Source\Lua\MathAPI.cpp">
      <Filter>Source</Filter>
    </ClCompile>
    <ClCompile Include="Source\Model Loader\Model.cpp">
      <Filter>Source</Filter>
    </ClCompile>
    <ClCompile Include="Source\Model Loader\Mesh.cpp">
      <Filter>Source</Filter>
    </ClCompile>
    <ClCompile Include="Source\Lua\ModelLibraryAPI.cpp">
      <Filter>Source</Filter>
    </ClCompile>
    <ClCompile Include="Source\Lua\ObjectInstanceAPI.cpp">
      <Filter>Source</Filter>
    </ClCompile>
    <ClCompile Include="Source\Lua\PrintAPI.cpp">
      <Filter>Source</Filter>
    </ClCompile>
    <ClCompile Include="Source\Lua\RenderManagerAPI.cpp">
      <Filter>Source</Filter>
    </ClCompile>
    <ClCompile Include="Source\Lua\TerrainAPI.cpp">
      <Filter>Source</Filter>
    </ClCompile>
    <ClCompile Include="Source\Lua\TextureLibraryAPI.cpp">
      <Filter>Source</Filter>
    </ClCompile>
    <ClCompile Include="Source\Lua\TimeAPI.cpp">
      <Filter>Source</Filter>
    </ClCompile>
    <ClCompile Include="Source\Effects\MultiplicativeBlendEffect.cpp">
      <Filter>Source</Filter>
    </ClCompile>
    <ClCompile Include="Source\Effects\SceneDecomposeEffect.cpp">
      <Filter>Source</Filter>
    </ClCompile>
    <ClCompile Include="Source\Model Loader\Material.cpp">
      <Filter>Source</Filter>
    </ClCompile>
    <ClCompile Include="Source\Model Loader\RenderableObject.cpp">
      <Filter>Source</Filter>
    </ClCompile>
    <ClCompile Include="Source\Model Loader\ObjectInstance.cpp">
      <Filter>Source</Filter>
    </ClCompile>
    <ClCompile Include="Source\Collisions\PrimitiveCollisions.cpp">
      <Filter>Source</Filter>
    </ClCompile>
    <ClCompile Include="Source\Engine Components\Independant\InputManager.cpp">
      <Filter>Source</Filter>
    </ClCompile>
    <ClCompile Include="Source\Engine Components\Independant\ModelLibrary.cpp">
      <Filter>Source</Filter>
    </ClCompile>
    <ClCompile Include="Source\Engine Components\Independant\ShaderLibrary.cpp">
      <Filter>Source</Filter>
    </ClCompile>
    <ClCompile Include="Source\Engine Components\Independant\SoundManager.cpp">
      <Filter>Source</Filter>
    </ClCompile>
    <ClCompile Include="Source\Engine Components\Independant\TextureLibrary.cpp">
      <Filter>Source</Filter>
    </ClCompile>
    <ClCompile Include="Source\Utility\Utility.cpp">
      <Filter>Source</Filter>
    </ClCompile>
    <ClCompile Include="Source\Utility\Screen.cpp">
      <Filter>Source</Filter>
    </ClCompile>
    <ClCompile Include="Source\Utility\Random.cpp">
      <Filter>Source</Filter>
    </ClCompile>
    <ClCompile Include="Source\Effects\RayEffect.cpp">
      <Filter>Source</Filter>
    </ClCompile>
    <ClCompile Include="Source\Terrain\Terrain.cpp">
      <Filter>Source</Filter>
    </ClCompile>
    <ClCompile Include="Source\Engine Components\Independant\Shader.cpp">
      <Filter>Source</Filter>
    </ClCompile>
    <ClCompile Include="Source\Engine Components\Independant\Texture.cpp">
      <Filter>Source</Filter>
    </ClCompile>
    <ClCompile Include="Source\Data Structures\KDTree.cpp" />
    <ClCompile Include="Source\Engine Components\Independant\Renderer.cpp" />
    <ClCompile Include="Source\Engine Components\OpenGL\GLRenderManager.cpp" />
    <ClCompile Include="Source\WIP\RenderBatch.cpp">
      <Filter>Source</Filter>
    </ClCompile>
    <ClCompile Include="Source\File IO\OBJWriter.cpp">
      <Filter>Source</Filter>
    </ClCompile>
    <ClCompile Include="Source\WIP\Interface2D.cpp">
      <Filter>Source</Filter>
    </ClCompile>
    <ClCompile Include="Source\Model Loader\MCamera.cpp">
      <Filter>Source</Filter>
    </ClCompile>
    <ClCompile Include="Source\Data Structures\TriangleTree.cpp" />
    <ClCompile Include="Source\Engine Components\OpenGL\GLSoundManager.cpp" />
    <ClCompile Include="Source\Lua\SoundAPI.cpp" />
    <ClCompile Include="Source\Collisions\GeometricPrimitives.cpp" />
  </ItemGroup>
  <ItemGroup>
    <ClInclude Include="Source\Animation\Animation.h">
      <Filter>Source</Filter>
    </ClInclude>
    <ClInclude Include="Source\Animation\BoneKeySequence.h">
      <Filter>Source</Filter>
    </ClInclude>
    <ClInclude Include="Source\Animation\Skeleton.h">
      <Filter>Source</Filter>
    </ClInclude>
    <ClInclude Include="Source\Animation\AssimpToGLM.h">
      <Filter>Source</Filter>
    </ClInclude>
    <ClInclude Include="Source\Effects\AdditiveBlendEffect.h">
      <Filter>Source</Filter>
    </ClInclude>
    <ClInclude Include="Source\Lua\AABBAPI.h">
      <Filter>Source</Filter>
    </ClInclude>
    <ClInclude Include="Source\Plug-Ins\AffineTransformable.h">
      <Filter>Source</Filter>
    </ClInclude>
    <ClInclude Include="Source\Effects\BloomEffect.h">
      <Filter>Source</Filter>
    </ClInclude>
    <ClInclude Include="Source\Effects\BlurEffect.h">
      <Filter>Source</Filter>
    </ClInclude>
    <ClInclude Include="Source\Lua\CameraAPI.h">
      <Filter>Source</Filter>
    </ClInclude>
    <ClInclude Include="Source\Lua\CollisionAPI.h">
      <Filter>Source</Filter>
    </ClInclude>
    <ClInclude Include="Source\Effects\DepthThresholdEffect.h">
      <Filter>Source</Filter>
    </ClInclude>
    <ClInclude Include="Source\Effects\DirectionalLightingEffect.h">
      <Filter>Source</Filter>
    </ClInclude>
    <ClInclude Include="Source\Engine Components\DirectX\DXEngine.h">
      <Filter>Source</Filter>
    </ClInclude>
    <ClInclude Include="Source\Lua\EngineAPI.h">
      <Filter>Source</Filter>
    </ClInclude>
    <ClInclude Include="Source\Data Structures\Bimap.h">
      <Filter>Source</Filter>
    </ClInclude>
    <ClInclude Include="Source\Effects\FXAAEffect.h">
      <Filter>Source</Filter>
    </ClInclude>
    <ClInclude Include="Source\Framebuffer\FrameBuffer.h">
      <Filter>Source</Filter>
    </ClInclude>
    <ClInclude Include="Source\Framebuffer\GBuffer.h">
      <Filter>Source</Filter>
    </ClInclude>
    <ClInclude Include="Source\Collisions\GeometricPrimitives.h">
      <Filter>Source</Filter>
    </ClInclude>
    <ClInclude Include="Source\Engine Components\OpenGL\GLEngine.h">
      <Filter>Source</Filter>
    </ClInclude>
    <ClInclude Include="Source\Effects\GodRaysEffect.h">
      <Filter>Source</Filter>
    </ClInclude>
    <ClInclude Include="Source\Engine Components\OpenGL\GLInputHandler.h">
      <Filter>Source</Filter>
    </ClInclude>
    <ClInclude Include="Source\Terrain\ForestTerrain.h">
      <Filter>Source</Filter>
    </ClInclude>
    <ClInclude Include="Source\Terrain\HeightMap.h">
      <Filter>Source</Filter>
    </ClInclude>
    <ClInclude Include="Source\Effects\HDRSplitEffect.h">
      <Filter>Source</Filter>
    </ClInclude>
    <ClInclude Include="Source\Plug-Ins\IAnimatable.h">
      <Filter>Source</Filter>
    </ClInclude>
    <ClInclude Include="Source\Plug-Ins\IAnimated.h">
      <Filter>Source</Filter>
    </ClInclude>
    <ClInclude Include="Source\Plug-Ins\IAnimatedRenderable.h">
      <Filter>Source</Filter>
    </ClInclude>
    <ClInclude Include="Source\Base Classes\IInputHandler.h">
      <Filter>Source</Filter>
    </ClInclude>
    <ClInclude Include="Source\Base Classes\IEngine.h">
      <Filter>Source</Filter>
    </ClInclude>
    <ClInclude Include="Source\Plug-Ins\IMesh.h">
      <Filter>Source</Filter>
    </ClInclude>
    <ClInclude Include="Source\Plug-Ins\IMeshCollection.h">
      <Filter>Source</Filter>
    </ClInclude>
    <ClInclude Include="Source\Lua\InputManagerAPI.h">
      <Filter>Source</Filter>
    </ClInclude>
    <ClInclude Include="Source\Lua\IslandCollisionAPI.h">
      <Filter>Source</Filter>
    </ClInclude>
    <ClInclude Include="Source\Plug-Ins\IRenderable.h">
      <Filter>Source</Filter>
    </ClInclude>
    <ClInclude Include="Source\Base Classes\IRenderableObject.h">
      <Filter>Source</Filter>
    </ClInclude>
    <ClInclude Include="Source\Base Classes\IShader.h">
      <Filter>Source</Filter>
    </ClInclude>
    <ClInclude Include="Source\Collisions\IslandCollision.h">
      <Filter>Source</Filter>
    </ClInclude>
    <ClInclude Include="Source\Lua\LuaAPI.h">
      <Filter>Source</Filter>
    </ClInclude>
    <ClInclude Include="Source\Lua\LuaContext.h">
      <Filter>Source</Filter>
    </ClInclude>
    <ClInclude Include="Source\Lua\LuaInstanceManager.h">
      <Filter>Source</Filter>
    </ClInclude>
    <ClInclude Include="Source\Lua\LuaDisplay2DAPI.h">
      <Filter>Source</Filter>
    </ClInclude>
    <ClInclude Include="Source\Lua\LuaManager.h">
      <Filter>Source</Filter>
    </ClInclude>
    <ClInclude Include="Source\Lua\LuaObjectInstanceManager.h">
      <Filter>Source</Filter>
    </ClInclude>
    <ClInclude Include="Source\Lua\LuaVectorUtility.h">
      <Filter>Source</Filter>
    </ClInclude>
    <ClInclude Include="Source\Lua\MathAPI.h">
      <Filter>Source</Filter>
    </ClInclude>
    <ClInclude Include="Source\Model Loader\Model.h">
      <Filter>Source</Filter>
    </ClInclude>
    <ClInclude Include="Source\Model Loader\Mesh.h">
      <Filter>Source</Filter>
    </ClInclude>
    <ClInclude Include="Source\Lua\ModelLibraryAPI.h">
      <Filter>Source</Filter>
    </ClInclude>
    <ClInclude Include="Source\Lua\ObjectInstanceAPI.h">
      <Filter>Source</Filter>
    </ClInclude>
    <ClInclude Include="Source\Lua\PrintAPI.h">
      <Filter>Source</Filter>
    </ClInclude>
    <ClInclude Include="Source\Lua\RenderManagerAPI.h">
      <Filter>Source</Filter>
    </ClInclude>
    <ClInclude Include="Source\Lua\TerrainAPI.h">
      <Filter>Source</Filter>
    </ClInclude>
    <ClInclude Include="Source\Lua\TimeAPI.h">
      <Filter>Source</Filter>
    </ClInclude>
    <ClInclude Include="Source\Effects\MultiplicativeBlendEffect.h">
      <Filter>Source</Filter>
    </ClInclude>
    <ClInclude Include="Source\Effects\SceneDecomposeEffect.h">
      <Filter>Source</Filter>
    </ClInclude>
    <ClInclude Include="Source\Model Loader\Material.h">
      <Filter>Source</Filter>
    </ClInclude>
    <ClInclude Include="Source\Model Loader\RenderableObject.h">
      <Filter>Source</Filter>
    </ClInclude>
    <ClInclude Include="Source\Model Loader\ObjectInstance.h">
      <Filter>Source</Filter>
    </ClInclude>
    <ClInclude Include="Source\Collisions\PrimitiveCollisions.h">
      <Filter>Source</Filter>
    </ClInclude>
    <ClInclude Include="Source\Engine Components\Independant\InputManager.h">
      <Filter>Source</Filter>
    </ClInclude>
    <ClInclude Include="Source\Engine Components\Independant\ModelLibrary.h">
      <Filter>Source</Filter>
    </ClInclude>
    <ClInclude Include="Source\Engine Components\Independant\ShaderLibrary.h">
      <Filter>Source</Filter>
    </ClInclude>
    <ClInclude Include="Source\Engine Components\Independant\SoundManager.h">
      <Filter>Source</Filter>
    </ClInclude>
    <ClInclude Include="Source\Engine Components\Independant\TextureLibrary.h">
      <Filter>Source</Filter>
    </ClInclude>
    <ClInclude Include="Source\Utility\Utility.h">
      <Filter>Source</Filter>
    </ClInclude>
    <ClInclude Include="Source\Utility\Types.h">
      <Filter>Source</Filter>
    </ClInclude>
    <ClInclude Include="Source\Utility\Scene.h">
      <Filter>Source</Filter>
    </ClInclude>
    <ClInclude Include="Source\Utility\Screen.h">
      <Filter>Source</Filter>
    </ClInclude>
    <ClInclude Include="Source\Utility\Random.h">
      <Filter>Source</Filter>
    </ClInclude>
    <ClInclude Include="Source\Utility\MMath.h">
      <Filter>Source</Filter>
    </ClInclude>
    <ClInclude Include="Source\Effects\RayEffect.h">
      <Filter>Source</Filter>
    </ClInclude>
    <ClInclude Include="Source\Terrain\Terrain.h">
      <Filter>Source</Filter>
    </ClInclude>
    <ClInclude Include="Source\Engine Components\Independant\Shader.h">
      <Filter>Source</Filter>
    </ClInclude>
    <ClInclude Include="Source\Engine Components\Independant\Texture.h">
      <Filter>Source</Filter>
    </ClInclude>
    <ClInclude Include="Source\Data Structures\Singleton.h">
      <Filter>Source</Filter>
    </ClInclude>
    <ClInclude Include="Source\Base Classes\IRenderManager.h" />
    <ClInclude Include="Source\Data Structures\KDTree.h" />
    <ClInclude Include="Source\Engine Components\Independant\Renderer.h" />
    <ClInclude Include="Source\Engine Components\OpenGL\GLRenderManager.h" />
    <ClInclude Include="Source\WIP\RenderBatch.h">
      <Filter>Source</Filter>
    </ClInclude>
    <ClInclude Include="Source\File IO\OBJWriter.h">
      <Filter>Source</Filter>
    </ClInclude>
    <ClInclude Include="Source\WIP\Interface2D.h">
      <Filter>Source</Filter>
    </ClInclude>
    <ClInclude Include="Source\WIP\Light.h">
      <Filter>Source</Filter>
    </ClInclude>
    <ClInclude Include="Source\Model Loader\MCamera.h">
      <Filter>Source</Filter>
    </ClInclude>
    <ClInclude Include="Source\Data Structures\TriangleTree.h" />
    <ClInclude Include="Source\Engine Components\OpenGL\GLSoundManager.h" />
    <ClInclude Include="Source\Base Classes\ISoundManager.h" />
    <ClInclude Include="Source\Lua\SoundAPI.h" />
  </ItemGroup>
  <ItemGroup>
    <None Include="Assets\Scripts\NewGame.lua" />
    <None Include="Assets\Scripts\GameWorld.lua" />
    <None Include="Assets\Scripts\Load.lua" />
    <None Include="Assets\Scripts\3DUtility.lua" />
    <None Include="Assets\Scripts\AABoundingBox.lua" />
    <None Include="Assets\Scripts\Controls.lua" />
    <None Include="Assets\Scripts\Dialogue.lua" />
    <None Include="Assets\Scripts\FileIO.lua" />
    <None Include="Assets\Scripts\Game.lua" />
    <None Include="Assets\Scripts\gameObject.lua" />
    <None Include="Assets\Scripts\Menu.lua" />
    <None Include="Assets\Scripts\npc.lua" />
    <None Include="Assets\Scripts\Player.lua" />
    <None Include="Assets\Scripts\QuestManager.lua" />
    <None Include="Assets\Scripts\ReadAndWriteInstances.lua" />
    <None Include="Assets\Scripts\Scene.lua" />
    <None Include="Assets\Scripts\Terrain.lua" />
    <None Include="Assets\Scripts\Vector3.lua" />
    <None Include="Assets\Scripts\World.lua" />

  </ItemGroup>
  <ItemGroup>
    <None Include="Assets\Scripts\Weapon.lua" />
  </ItemGroup>
</Project>